
Microsoft Visual Studio Solution File, Format Version 12.00
# Visual Studio Version 17
VisualStudioVersion = 17.8.34525.116
MinimumVisualStudioVersion = 10.0.40219.1
Project("{9A19103F-16F7-4668-BE54-9A1E7A4F7556}") = "TouragencyWebApi.BLL", "TouragencyWebApi.BLL\TouragencyWebApi.BLL.csproj", "{00822F2B-38BD-41B5-8CE3-BF8EA75C1261}"
EndProject
Project("{9A19103F-16F7-4668-BE54-9A1E7A4F7556}") = "TouragencyWebApi.DAL", "TouragencyWebApi.DAL\TouragencyWebApi.DAL.csproj", "{CBB13351-BDFA-445A-B7A9-E8A27FD64391}"
EndProject
Project("{9A19103F-16F7-4668-BE54-9A1E7A4F7556}") = "TouragencyWebApi", "TouragencyWebApi\TouragencyWebApi.csproj", "{E09519DE-B9CF-4ACD-903D-9CE7188F0BEC}"
EndProject
Project("{2150E333-8FDC-42A3-9474-1A3956D46DE8}") = "Solution Items", "Solution Items", "{9F997510-0724-4819-B530-3A244F9D72B8}"
	ProjectSection(SolutionItems) = preProject
		.gitattributes = .gitattributes
		.gitignore = .gitignore
	EndProjectSection
EndProject
Global
	GlobalSection(SolutionConfigurationPlatforms) = preSolution
		Debug|Any CPU = Debug|Any CPU
		Release|Any CPU = Release|Any CPU
	EndGlobalSection
	GlobalSection(ProjectConfigurationPlatforms) = postSolution
		{00822F2B-38BD-41B5-8CE3-BF8EA75C1261}.Debug|Any CPU.ActiveCfg = Debug|Any CPU
		{00822F2B-38BD-41B5-8CE3-BF8EA75C1261}.Debug|Any CPU.Build.0 = Debug|Any CPU
		{00822F2B-38BD-41B5-8CE3-BF8EA75C1261}.Release|Any CPU.ActiveCfg = Release|Any CPU
		{00822F2B-38BD-41B5-8CE3-BF8EA75C1261}.Release|Any CPU.Build.0 = Release|Any CPU
		{CBB13351-BDFA-445A-B7A9-E8A27FD64391}.Debug|Any CPU.ActiveCfg = Debug|Any CPU
		{CBB13351-BDFA-445A-B7A9-E8A27FD64391}.Debug|Any CPU.Build.0 = Debug|Any CPU
		{CBB13351-BDFA-445A-B7A9-E8A27FD64391}.Release|Any CPU.ActiveCfg = Release|Any CPU
		{CBB13351-BDFA-445A-B7A9-E8A27FD64391}.Release|Any CPU.Build.0 = Release|Any CPU
		{E09519DE-B9CF-4ACD-903D-9CE7188F0BEC}.Debug|Any CPU.ActiveCfg = Debug|Any CPU
		{E09519DE-B9CF-4ACD-903D-9CE7188F0BEC}.Debug|Any CPU.Build.0 = Debug|Any CPU
		{E09519DE-B9CF-4ACD-903D-9CE7188F0BEC}.Release|Any CPU.ActiveCfg = Release|Any CPU
		{E09519DE-B9CF-4ACD-903D-9CE7188F0BEC}.Release|Any CPU.Build.0 = Release|Any CPU
	EndGlobalSection
	GlobalSection(SolutionProperties) = preSolution
		HideSolutionNode = FALSE
	EndGlobalSection
	GlobalSection(ExtensibilityGlobals) = postSolution
		SolutionGuid = {EFE0B6E3-B9A8-4E53-A1C8-11C3EC21B35B}
	EndGlobalSection
EndGlobal
